
Microsoft Visual Studio Solution File, Format Version 12.00
# Visual Studio Version 17
VisualStudioVersion = 17.8.34525.116
MinimumVisualStudioVersion = 10.0.40219.1
Project("{9A19103F-16F7-4668-BE54-9A1E7A4F7556}") = "IngesWebAPI", "IngesWebAPI\IngesWebAPI.csproj", "{35882C54-947C-4FAC-A1CF-283DE41A0131}"
EndProject
Global
	GlobalSection(SolutionConfigurationPlatforms) = preSolution
		Debug|Any CPU = Debug|Any CPU
		Release|Any CPU = Release|Any CPU
	EndGlobalSection
	GlobalSection(ProjectConfigurationPlatforms) = postSolution
		{35882C54-947C-4FAC-A1CF-283DE41A0131}.Debug|Any CPU.ActiveCfg = Debug|Any CPU
		{35882C54-947C-4FAC-A1CF-283DE41A0131}.Debug|Any CPU.Build.0 = Debug|Any CPU
		{35882C54-947C-4FAC-A1CF-283DE41A0131}.Release|Any CPU.ActiveCfg = Release|Any CPU
		{35882C54-947C-4FAC-A1CF-283DE41A0131}.Release|Any CPU.Build.0 = Release|Any CPU
	EndGlobalSection
	GlobalSection(SolutionProperties) = preSolution
		HideSolutionNode = FALSE
	EndGlobalSection
	GlobalSection(ExtensibilityGlobals) = postSolution
		SolutionGuid = {4D668C85-AD7B-4F02-8DEB-FEA20ED44FF1}
	EndGlobalSection
EndGlobal
